// !$*UTF8*$!
{
	archiveVersion = 1;
	classes = {
	};
	objectVersion = 46;
	objects = {

/* Begin PBXBuildFile section */
		EE36F7BC1A3AD542005E4F99 /* main.m in Sources */ = {isa = PBXBuildFile; fileRef = EE36F7BB1A3AD542005E4F99 /* main.m */; };
		EE36F7BF1A3AD542005E4F99 /* AppDelegate.m in Sources */ = {isa = PBXBuildFile; fileRef = EE36F7BE1A3AD542005E4F99 /* AppDelegate.m */; };
		EE36F7D91A3AD542005E4F99 /* NewsTests.m in Sources */ = {isa = PBXBuildFile; fileRef = EE36F7D81A3AD542005E4F99 /* NewsTests.m */; };
/* End PBXBuildFile section */

/* Begin PBXContainerItemProxy section */
		EE36F7D31A3AD542005E4F99 /* PBXContainerItemProxy */ = {
			isa = PBXContainerItemProxy;
			containerPortal = EE36F7AE1A3AD542005E4F99 /* Project object */;
			proxyType = 1;
			remoteGlobalIDString = EE36F7B51A3AD542005E4F99;
			remoteInfo = News;
		};
/* End PBXContainerItemProxy section */

/* Begin PBXFileReference section */
		EE36F7B61A3AD542005E4F99 /* News.app */ = {isa = PBXFileReference; explicitFileType = wrapper.application; includeInIndex = 0; path = News.app; sourceTree = BUILT_PRODUCTS_DIR; };
		EE36F7BA1A3AD542005E4F99 /* Info.plist */ = {isa = PBXFileReference; lastKnownFileType = text.plist.xml; path = Info.plist; sourceTree = "<group>"; };
		EE36F7BB1A3AD542005E4F99 /* main.m */ = {isa = PBXFileReference; lastKnownFileType = sourcecode.c.objc; path = main.m; sourceTree = "<group>"; };
		EE36F7BD1A3AD542005E4F99 /* AppDelegate.h */ = {isa = PBXFileReference; lastKnownFileType = sourcecode.c.h; path = AppDelegate.h; sourceTree = "<group>"; };
		EE36F7BE1A3AD542005E4F99 /* AppDelegate.m */ = {isa = PBXFileReference; lastKnownFileType = sourcecode.c.objc; path = AppDelegate.m; sourceTree = "<group>"; };
		EE36F7D21A3AD542005E4F99 /* NewsTests.xctest */ = {isa = PBXFileReference; explicitFileType = wrapper.cfbundle; includeInIndex = 0; path = NewsTests.xctest; sourceTree = BUILT_PRODUCTS_DIR; };
		EE36F7D71A3AD542005E4F99 /* Info.plist */ = {isa = PBXFileReference; lastKnownFileType = text.plist.xml; path = Info.plist; sourceTree = "<group>"; };
		EE36F7D81A3AD542005E4F99 /* NewsTests.m */ = {isa = PBXFileReference; lastKnownFileType = sourcecode.c.objc; path = NewsTests.m; sourceTree = "<group>"; };
		EE36F7F21A3ADFDB005E4F99 /* config.h */ = {isa = PBXFileReference; lastKnownFileType = sourcecode.c.h; path = config.h; sourceTree = "<group>"; };
		EE36F7FA1A3AEAA1005E4F99 /* server_config.h */ = {isa = PBXFileReference; lastKnownFileType = sourcecode.c.h; path = server_config.h; sourceTree = "<group>"; };
		EE36F7FB1A3AEB2D005E4F99 /* JsonDef.h */ = {isa = PBXFileReference; lastKnownFileType = sourcecode.c.h; path = JsonDef.h; sourceTree = "<group>"; };
/* End PBXFileReference section */

/* Begin PBXFrameworksBuildPhase section */
		EE36F7B31A3AD542005E4F99 /* Frameworks */ = {
			isa = PBXFrameworksBuildPhase;
			buildActionMask = 2147483647;
			files = (
			);
			runOnlyForDeploymentPostprocessing = 0;
		};
		EE36F7CF1A3AD542005E4F99 /* Frameworks */ = {
			isa = PBXFrameworksBuildPhase;
			buildActionMask = 2147483647;
			files = (
			);
			runOnlyForDeploymentPostprocessing = 0;
		};
/* End PBXFrameworksBuildPhase section */

/* Begin PBXGroup section */
		EE36F7AD1A3AD542005E4F99 = {
			isa = PBXGroup;
			children = (
				EE36F7B81A3AD542005E4F99 /* News */,
				EE36F7D51A3AD542005E4F99 /* NewsTests */,
				EE36F7B71A3AD542005E4F99 /* Products */,
			);
			sourceTree = "<group>";
		};
		EE36F7B71A3AD542005E4F99 /* Products */ = {
			isa = PBXGroup;
			children = (
				EE36F7B61A3AD542005E4F99 /* News.app */,
				EE36F7D21A3AD542005E4F99 /* NewsTests.xctest */,
			);
			name = Products;
			sourceTree = "<group>";
		};
		EE36F7B81A3AD542005E4F99 /* News */ = {
			isa = PBXGroup;
			children = (
				EE36F7F91A3AE139005E4F99 /* plist */,
				EE36F7F11A3ADE82005E4F99 /* Launch */,
				EE36F7EC1A3ADE60005E4F99 /* Comon */,
				EE36F7EF1A3ADE60005E4F99 /* Images */,
				EE36F7F01A3ADE60005E4F99 /* lib */,
				EE36F7E21A3ADD41005E4F99 /* Convenience */,
				EE36F7E31A3ADD41005E4F99 /* Interaction */,
				EE36F7E41A3ADD41005E4F99 /* NewsList */,
				EE36F7E51A3ADD41005E4F99 /* User */,
				EE36F7BD1A3AD542005E4F99 /* AppDelegate.h */,
				EE36F7BE1A3AD542005E4F99 /* AppDelegate.m */,
				EE36F7B91A3AD542005E4F99 /* Supporting Files */,
				EE36F7F21A3ADFDB005E4F99 /* config.h */,
				EE36F7FA1A3AEAA1005E4F99 /* server_config.h */,
			);
			path = News;
			sourceTree = "<group>";
		};
		EE36F7B91A3AD542005E4F99 /* Supporting Files */ = {
			isa = PBXGroup;
			children = (
				EE36F7BA1A3AD542005E4F99 /* Info.plist */,
				EE36F7BB1A3AD542005E4F99 /* main.m */,
			);
			name = "Supporting Files";
			sourceTree = "<group>";
		};
		EE36F7D51A3AD542005E4F99 /* NewsTests */ = {
			isa = PBXGroup;
			children = (
				EE36F7D81A3AD542005E4F99 /* NewsTests.m */,
				EE36F7D61A3AD542005E4F99 /* Supporting Files */,
			);
			path = NewsTests;
			sourceTree = "<group>";
		};
		EE36F7D61A3AD542005E4F99 /* Supporting Files */ = {
			isa = PBXGroup;
			children = (
				EE36F7D71A3AD542005E4F99 /* Info.plist */,
			);
			name = "Supporting Files";
			sourceTree = "<group>";
		};
		EE36F7E21A3ADD41005E4F99 /* Convenience */ = {
			isa = PBXGroup;
			children = (
			);
			path = Convenience;
			sourceTree = "<group>";
		};
		EE36F7E31A3ADD41005E4F99 /* Interaction */ = {
			isa = PBXGroup;
			children = (
			);
			path = Interaction;
			sourceTree = "<group>";
		};
		EE36F7E41A3ADD41005E4F99 /* NewsList */ = {
			isa = PBXGroup;
			children = (
			);
			path = NewsList;
			sourceTree = "<group>";
		};
		EE36F7E51A3ADD41005E4F99 /* User */ = {
			isa = PBXGroup;
			children = (
			);
			path = User;
			sourceTree = "<group>";
		};
		EE36F7EC1A3ADE60005E4F99 /* Comon */ = {
			isa = PBXGroup;
			children = (
				EE36F7ED1A3ADE60005E4F99 /* ComTools */,
				EE36F7EE1A3ADE60005E4F99 /* ComViews */,
				EE36F7FB1A3AEB2D005E4F99 /* JsonDef.h */,
			);
			path = Comon;
			sourceTree = "<group>";
		};
		EE36F7ED1A3ADE60005E4F99 /* ComTools */ = {
			isa = PBXGroup;
			children = (
			);
			path = ComTools;
			sourceTree = "<group>";
		};
		EE36F7EE1A3ADE60005E4F99 /* ComViews */ = {
			isa = PBXGroup;
			children = (
			);
			path = ComViews;
			sourceTree = "<group>";
		};
		EE36F7EF1A3ADE60005E4F99 /* Images */ = {
			isa = PBXGroup;
			children = (
				EE36F7F31A3AE0D6005E4F99 /* common */,
				EE36F7F41A3AE0D6005E4F99 /* cvnc */,
				EE36F7F51A3AE0D6005E4F99 /* interact */,
				EE36F7F61A3AE0D6005E4F99 /* launch */,
				EE36F7F71A3AE0D6005E4F99 /* news */,
				EE36F7F81A3AE0D6005E4F99 /* user */,
			);
			path = Images;
			sourceTree = "<group>";
		};
		EE36F7F01A3ADE60005E4F99 /* lib */ = {
			isa = PBXGroup;
			children = (
			);
			path = lib;
			sourceTree = "<group>";
		};
		EE36F7F11A3ADE82005E4F99 /* Launch */ = {
			isa = PBXGroup;
			children = (
			);
			path = Launch;
			sourceTree = "<group>";
		};
		EE36F7F31A3AE0D6005E4F99 /* common */ = {
			isa = PBXGroup;
			children = (
			);
			path = common;
			sourceTree = "<group>";
		};
		EE36F7F41A3AE0D6005E4F99 /* cvnc */ = {
			isa = PBXGroup;
			children = (
			);
			path = cvnc;
			sourceTree = "<group>";
		};
		EE36F7F51A3AE0D6005E4F99 /* interact */ = {
			isa = PBXGroup;
			children = (
			);
			path = interact;
			sourceTree = "<group>";
		};
		EE36F7F61A3AE0D6005E4F99 /* launch */ = {
			isa = PBXGroup;
			children = (
			);
			path = launch;
			sourceTree = "<group>";
		};
		EE36F7F71A3AE0D6005E4F99 /* news */ = {
			isa = PBXGroup;
			children = (
			);
			path = news;
			sourceTree = "<group>";
		};
		EE36F7F81A3AE0D6005E4F99 /* user */ = {
			isa = PBXGroup;
			children = (
			);
			path = user;
			sourceTree = "<group>";
		};
		EE36F7F91A3AE139005E4F99 /* plist */ = {
			isa = PBXGroup;
			children = (
			);
			path = plist;
			sourceTree = "<group>";
		};
/* End PBXGroup section */

/* Begin PBXNativeTarget section */
		EE36F7B51A3AD542005E4F99 /* News */ = {
			isa = PBXNativeTarget;
			buildConfigurationList = EE36F7DC1A3AD542005E4F99 /* Build configuration list for PBXNativeTarget "News" */;
			buildPhases = (
				EE36F7B21A3AD542005E4F99 /* Sources */,
				EE36F7B31A3AD542005E4F99 /* Frameworks */,
				EE36F7B41A3AD542005E4F99 /* Resources */,
			);
			buildRules = (
			);
			dependencies = (
			);
			name = News;
			productName = News;
			productReference = EE36F7B61A3AD542005E4F99 /* News.app */;
			productType = "com.apple.product-type.application";
		};
		EE36F7D11A3AD542005E4F99 /* NewsTests */ = {
			isa = PBXNativeTarget;
			buildConfigurationList = EE36F7DF1A3AD542005E4F99 /* Build configuration list for PBXNativeTarget "NewsTests" */;
			buildPhases = (
				EE36F7CE1A3AD542005E4F99 /* Sources */,
				EE36F7CF1A3AD542005E4F99 /* Frameworks */,
				EE36F7D01A3AD542005E4F99 /* Resources */,
			);
			buildRules = (
			);
			dependencies = (
				EE36F7D41A3AD542005E4F99 /* PBXTargetDependency */,
			);
			name = NewsTests;
			productName = NewsTests;
			productReference = EE36F7D21A3AD542005E4F99 /* NewsTests.xctest */;
			productType = "com.apple.product-type.bundle.unit-test";
		};
/* End PBXNativeTarget section */

/* Begin PBXProject section */
		EE36F7AE1A3AD542005E4F99 /* Project object */ = {
			isa = PBXProject;
			attributes = {
				LastUpgradeCheck = 0610;
				ORGANIZATIONNAME = lihaijin;
				TargetAttributes = {
					EE36F7B51A3AD542005E4F99 = {
						CreatedOnToolsVersion = 6.1;
					};
					EE36F7D11A3AD542005E4F99 = {
						CreatedOnToolsVersion = 6.1;
						TestTargetID = EE36F7B51A3AD542005E4F99;
					};
				};
			};
			buildConfigurationList = EE36F7B11A3AD542005E4F99 /* Build configuration list for PBXProject "News" */;
			compatibilityVersion = "Xcode 3.2";
			developmentRegion = English;
			hasScannedForEncodings = 0;
			knownRegions = (
				en,
				Base,
			);
			mainGroup = EE36F7AD1A3AD542005E4F99;
			productRefGroup = EE36F7B71A3AD542005E4F99 /* Products */;
			projectDirPath = "";
			projectRoot = "";
			targets = (
				EE36F7B51A3AD542005E4F99 /* News */,
				EE36F7D11A3AD542005E4F99 /* NewsTests */,
			);
		};
/* End PBXProject section */

/* Begin PBXResourcesBuildPhase section */
		EE36F7B41A3AD542005E4F99 /* Resources */ = {
			isa = PBXResourcesBuildPhase;
			buildActionMask = 2147483647;
			files = (
			);
			runOnlyForDeploymentPostprocessing = 0;
		};
		EE36F7D01A3AD542005E4F99 /* Resources */ = {
			isa = PBXResourcesBuildPhase;
			buildActionMask = 2147483647;
			files = (
			);
			runOnlyForDeploymentPostprocessing = 0;
		};
/* End PBXResourcesBuildPhase section */

/* Begin PBXSourcesBuildPhase section */
		EE36F7B21A3AD542005E4F99 /* Sources */ = {
			isa = PBXSourcesBuildPhase;
			buildActionMask = 2147483647;
			files = (
				EE36F7BF1A3AD542005E4F99 /* AppDelegate.m in Sources */,
				EE36F7BC1A3AD542005E4F99 /* main.m in Sources */,
			);
			runOnlyForDeploymentPostprocessing = 0;
		};
		EE36F7CE1A3AD542005E4F99 /* Sources */ = {
			isa = PBXSourcesBuildPhase;
			buildActionMask = 2147483647;
			files = (
				EE36F7D91A3AD542005E4F99 /* NewsTests.m in Sources */,
			);
			runOnlyForDeploymentPostprocessing = 0;
		};
/* End PBXSourcesBuildPhase section */

/* Begin PBXTargetDependency section */
		EE36F7D41A3AD542005E4F99 /* PBXTargetDependency */ = {
			isa = PBXTargetDependency;
			target = EE36F7B51A3AD542005E4F99 /* News */;
			targetProxy = EE36F7D31A3AD542005E4F99 /* PBXContainerItemProxy */;
		};
/* End PBXTargetDependency section */

/* Begin XCBuildConfiguration section */
		EE36F7DA1A3AD542005E4F99 /* Debug */ = {
			isa = XCBuildConfiguration;
			buildSettings = {
				ALWAYS_SEARCH_USER_PATHS = NO;
				CLANG_CXX_LANGUAGE_STANDARD = "gnu++0x";
				CLANG_CXX_LIBRARY = "libc++";
				CLANG_ENABLE_MODULES = YES;
				CLANG_ENABLE_OBJC_ARC = NO;
				CLANG_WARN_BOOL_CONVERSION = YES;
				CLANG_WARN_CONSTANT_CONVERSION = YES;
				CLANG_WARN_DIRECT_OBJC_ISA_USAGE = YES_ERROR;
				CLANG_WARN_EMPTY_BODY = YES;
				CLANG_WARN_ENUM_CONVERSION = YES;
				CLANG_WARN_INT_CONVERSION = YES;
				CLANG_WARN_OBJC_ROOT_CLASS = YES_ERROR;
				CLANG_WARN_UNREACHABLE_CODE = YES;
				CLANG_WARN__DUPLICATE_METHOD_MATCH = YES;
				"CODE_SIGN_IDENTITY[sdk=iphoneos*]" = "iPhone Developer";
				COPY_PHASE_STRIP = NO;
				ENABLE_STRICT_OBJC_MSGSEND = YES;
				GCC_C_LANGUAGE_STANDARD = gnu99;
				GCC_DYNAMIC_NO_PIC = NO;
				GCC_OPTIMIZATION_LEVEL = 0;
				GCC_PREPROCESSOR_DEFINITIONS = (
					"DEBUG=1",
					"$(inherited)",
				);
				GCC_SYMBOLS_PRIVATE_EXTERN = NO;
				GCC_WARN_64_TO_32_BIT_CONVERSION = YES;
				GCC_WARN_ABOUT_RETURN_TYPE = YES_ERROR;
				GCC_WARN_UNDECLARED_SELECTOR = YES;
				GCC_WARN_UNINITIALIZED_AUTOS = YES_AGGRESSIVE;
				GCC_WARN_UNUSED_FUNCTION = YES;
				GCC_WARN_UNUSED_VARIABLE = YES;
				IPHONEOS_DEPLOYMENT_TARGET = 8.1;
				MTL_ENABLE_DEBUG_INFO = YES;
				ONLY_ACTIVE_ARCH = YES;
				SDKROOT = iphoneos;
				TARGETED_DEVICE_FAMILY = "1,2";
			};
			name = Debug;
		};
		EE36F7DB1A3AD542005E4F99 /* Release */ = {
			isa = XCBuildConfiguration;
			buildSettings = {
				ALWAYS_SEARCH_USER_PATHS = NO;
				CLANG_CXX_LANGUAGE_STANDARD = "gnu++0x";
				CLANG_CXX_LIBRARY = "libc++";
				CLANG_ENABLE_MODULES = YES;
				CLANG_ENABLE_OBJC_ARC = NO;
				CLANG_WARN_BOOL_CONVERSION = YES;
				CLANG_WARN_CONSTANT_CONVERSION = YES;
				CLANG_WARN_DIRECT_OBJC_ISA_USAGE = YES_ERROR;
				CLANG_WARN_EMPTY_BODY = YES;
				CLANG_WARN_ENUM_CONVERSION = YES;
				CLANG_WARN_INT_CONVERSION = YES;
				CLANG_WARN_OBJC_ROOT_CLASS = YES_ERROR;
				CLANG_WARN_UNREACHABLE_CODE = YES;
				CLANG_WARN__DUPLICATE_METHOD_MATCH = YES;
				"CODE_SIGN_IDENTITY[sdk=iphoneos*]" = "iPhone Developer";
				COPY_PHASE_STRIP = YES;
				ENABLE_NS_ASSERTIONS = NO;
				ENABLE_STRICT_OBJC_MSGSEND = YES;
				GCC_C_LANGUAGE_STANDARD = gnu99;
				GCC_WARN_64_TO_32_BIT_CONVERSION = YES;
				GCC_WARN_ABOUT_RETURN_TYPE = YES_ERROR;
				GCC_WARN_UNDECLARED_SELECTOR = YES;
				GCC_WARN_UNINITIALIZED_AUTOS = YES_AGGRESSIVE;
				GCC_WARN_UNUSED_FUNCTION = YES;
				GCC_WARN_UNUSED_VARIABLE = YES;
				IPHONEOS_DEPLOYMENT_TARGET = 8.1;
				MTL_ENABLE_DEBUG_INFO = NO;
				SDKROOT = iphoneos;
				TARGETED_DEVICE_FAMILY = "1,2";
				VALIDATE_PRODUCT = YES;
			};
			name = Release;
		};
		EE36F7DD1A3AD542005E4F99 /* Debug */ = {
			isa = XCBuildConfiguration;
			buildSettings = {
				ASSETCATALOG_COMPILER_APPICON_NAME = AppIcon;
				INFOPLIST_FILE = News/Info.plist;
				LD_RUNPATH_SEARCH_PATHS = "$(inherited) @executable_path/Frameworks";
				PRODUCT_NAME = "$(TARGET_NAME)";
				TARGETED_DEVICE_FAMILY = 1;
			};
			name = Debug;
		};
		EE36F7DE1A3AD542005E4F99 /* Release */ = {
			isa = XCBuildConfiguration;
			buildSettings = {
				ASSETCATALOG_COMPILER_APPICON_NAME = AppIcon;
				INFOPLIST_FILE = News/Info.plist;
				LD_RUNPATH_SEARCH_PATHS = "$(inherited) @executable_path/Frameworks";
				PRODUCT_NAME = "$(TARGET_NAME)";
				TARGETED_DEVICE_FAMILY = 1;
			};
			name = Release;
		};
		EE36F7E01A3AD542005E4F99 /* Debug */ = {
			isa = XCBuildConfiguration;
			buildSettings = {
				BUNDLE_LOADER = "$(TEST_HOST)";
				FRAMEWORK_SEARCH_PATHS = (
					"$(SDKROOT)/Developer/Library/Frameworks",
					"$(inherited)",
				);
				GCC_PREPROCESSOR_DEFINITIONS = (
					"DEBUG=1",
					"$(inherited)",
				);
				INFOPLIST_FILE = NewsTests/Info.plist;
				LD_RUNPATH_SEARCH_PATHS = "$(inherited) @executable_path/Frameworks @loader_path/Frameworks";
				PRODUCT_NAME = "$(TARGET_NAME)";
				TEST_HOST = "$(BUILT_PRODUCTS_DIR)/News.app/News";
			};
			name = Debug;
		};
		EE36F7E11A3AD542005E4F99 /* Release */ = {
			isa = XCBuildConfiguration;
			buildSettings = {
				BUNDLE_LOADER = "$(TEST_HOST)";
				FRAMEWORK_SEARCH_PATHS = (
					"$(SDKROOT)/Developer/Library/Frameworks",
					"$(inherited)",
				);
				INFOPLIST_FILE = NewsTests/Info.plist;
				LD_RUNPATH_SEARCH_PATHS = "$(inherited) @executable_path/Frameworks @loader_path/Frameworks";
				PRODUCT_NAME = "$(TARGET_NAME)";
				TEST_HOST = "$(BUILT_PRODUCTS_DIR)/News.app/News";
			};
			name = Release;
		};
/* End XCBuildConfiguration section */

/* Begin XCConfigurationList section */
		EE36F7B11A3AD542005E4F99 /* Build configuration list for PBXProject "News" */ = {
			isa = XCConfigurationList;
			buildConfigurations = (
				EE36F7DA1A3AD542005E4F99 /* Debug */,
				EE36F7DB1A3AD542005E4F99 /* Release */,
			);
			defaultConfigurationIsVisible = 0;
			defaultConfigurationName = Release;
		};
		EE36F7DC1A3AD542005E4F99 /* Build configuration list for PBXNativeTarget "News" */ = {
			isa = XCConfigurationList;
			buildConfigurations = (
				EE36F7DD1A3AD542005E4F99 /* Debug */,
				EE36F7DE1A3AD542005E4F99 /* Release */,
			);
			defaultConfigurationIsVisible = 0;
			defaultConfigurationName = Release;
		};
		EE36F7DF1A3AD542005E4F99 /* Build configuration list for PBXNativeTarget "NewsTests" */ = {
			isa = XCConfigurationList;
			buildConfigurations = (
				EE36F7E01A3AD542005E4F99 /* Debug */,
				EE36F7E11A3AD542005E4F99 /* Release */,
			);
			defaultConfigurationIsVisible = 0;
			defaultConfigurationName = Release;
		};
/* End XCConfigurationList section */
	};
	rootObject = EE36F7AE1A3AD542005E4F99 /* Project object */;
}
